<?xml version="1.0" encoding="utf-8"?>
<Project ToolsVersion="4.0" xmlns="http://schemas.microsoft.com/developer/msbuild/2003">
  <ItemGroup>
    <Filter Include="Source Files">
      <UniqueIdentifier>{4FC737F1-C7A5-4376-A066-2A32D752A2FF}</UniqueIdentifier>
      <Extensions>cpp;c;cc;cxx;def;odl;idl;hpj;bat;asm;asmx</Extensions>
    </Filter>
    <Filter Include="Header Files">
      <UniqueIdentifier>{93995380-89BD-4b04-88EB-625FBE52EBFB}</UniqueIdentifier>
      <Extensions>h;hh;hpp;hxx;hm;inl;inc;ipp;xsd</Extensions>
    </Filter>
    <Filter Include="Resource Files">
      <UniqueIdentifier>{67DA6AB6-F800-4c08-8B7A-83BB121AAD01}</UniqueIdentifier>
      <Extensions>rc;ico;cur;bmp;dlg;rc2;rct;bin;rgs;gif;jpg;jpeg;jpe;resx;tiff;tif;png;wav;mfcribbon-ms</Extensions>
    </Filter>
  </ItemGroup>
  <ItemGroup>
    <ClCompile Include="HelloWebView.cpp">
      <Filter>Source Files</Filter>
    </ClCompile>
    <ClCompile Include="libs\shell.c">
      <Filter>Source Files</Filter>
    </ClCompile>
    <ClCompile Include="libs\sqlite3.c">
      <Filter>Source Files</Filter>
    </ClCompile>
    <ClCompile Include="NativeDatabaseAccess.cpp">
      <Filter>Source Files</Filter>
    </ClCompile>
    <ClCompile Include="TestDB.h">
      <Filter>Source Files</Filter>
    </ClCompile>
    <ClCompile Include="NativeWindowControls.cpp">
      <Filter>Source Files</Filter>
    </ClCompile>
    <ClCompile Include="NativeWindowControls_i.c">
      <Filter>Source Files</Filter>
    </ClCompile>
    <ClCompile Include="SystemUtils.cpp">
      <Filter>Source Files</Filter>
    </ClCompile>
    <ClCompile Include="WebViewManager.cpp">
      <Filter>Source Files</Filter>
    </ClCompile>
    <ClCompile Include="include\MakeWindow.cpp">
      <Filter>Source Files</Filter>
    </ClCompile>
  </ItemGroup>
  <ItemGroup>
    <None Include="packages.config" />
    <None Include="libs\sqlite3.def">
      <Filter>Source Files</Filter>
    </None>
    <None Include="libs\sqlite3.dll" />
  </ItemGroup>
  <ItemGroup>
    <Natvis Include="$(MSBuildThisFileDirectory)..\..\natvis\wil.natvis" />
  </ItemGroup>
  <ItemGroup>
    <Midl Include="..\src\DatabaseInterfaces.idl">
      <Filter>Source Files</Filter>
    </Midl>
    <Midl Include="NativeWindowControls.idl">
      <Filter>Source Files</Filter>
    </Midl>
  </ItemGroup>
  <ItemGroup>
    <ClInclude Include="MSVCDebugFormatter.h">
      <Filter>Header Files</Filter>
    </ClInclude>
    <ClInclude Include="AsyncRollingFileAppender.h">
      <Filter>Header Files</Filter>
    </ClInclude>
    <ClInclude Include="FastTxtFormatter.h">
      <Filter>Header Files</Filter>
    </ClInclude>
    <ClInclude Include="include\INativeDatabaseAccess.h">
      <Filter>Header Files</Filter>
    </ClInclude>
    <ClInclude Include="include\NativeDatabaseAccess.h">
      <Filter>Header Files</Filter>
    </ClInclude>
    <ClInclude Include="include\DatabaseInterfaces.h">
      <Filter>Header Files</Filter>
    </ClInclude>
    <ClInclude Include="include\DatabaseTypes.h">
      <Filter>Header Files</Filter>
    </ClInclude>
    <ClInclude Include="INativeWindowControls.h">
      <Filter>Header Files</Filter>
    </ClInclude>
    <ClInclude Include="NativeWindowControls.h">
      <Filter>Header Files</Filter>
    </ClInclude>
    <ClInclude Include="NativeWindowControls_h.h">
      <Filter>Header Files</Filter>
    </ClInclude>
    <ClInclude Include="SystemUtils.h">
      <Filter>Source Files</Filter>
    </ClInclude>
    <ClInclude Include="AppMessageIDs.h">
      <Filter>Header Files</Filter>
    </ClInclude>
    <ClInclude Include="include\EventDispatcher.h">
      <Filter>Header Files</Filter>
    </ClInclude>
    <ClInclude Include="include\EventManager.h">
      <Filter>Header Files</Filter>
    </ClInclude>
    <ClInclude Include="include\EventQueue.h">
      <Filter>Header Files</Filter>
    </ClInclude>
    <ClInclude Include="include\CallbackRegistry.h">
      <Filter>Header Files</Filter>
    </ClInclude>
    <ClInclude Include="include\UIEvent.h">
      <Filter>Header Files</Filter>
    </ClInclude>
    <ClInclude Include="WebViewManager.h">
      <Filter>Header Files</Filter>
    </ClInclude>
    <ClInclude Include="include\MakeWindow.h">
      <Filter>Header Files</Filter>
    </ClInclude>
    <ClInclude Include="resource.h">
      <Filter>Header Files</Filter>
    </ClInclude>
  </ItemGroup>
  <ItemGroup>
    <ResourceCompile Include="BasicReact.rc">
      <Filter>Resource Files</Filter>
    </ResourceCompile>
  </ItemGroup>
  <ItemGroup>
    <Image Include="icon1.ico">
      <Filter>Resource Files</Filter>
    </Image>
  </ItemGroup>
</Project>